// !$*UTF8*$!
{
	archiveVersion = 1;
	classes = {
	};
	objectVersion = 46;
	objects = {

/* Begin PBXBuildFile section */
		790BD95C1EE1F57C0090C344 /* AppDelegate.swift in Sources */ = {isa = PBXBuildFile; fileRef = 790BD95B1EE1F57C0090C344 /* AppDelegate.swift */; };
		790BD95E1EE1F57C0090C344 /* ViewController.swift in Sources */ = {isa = PBXBuildFile; fileRef = 790BD95D1EE1F57C0090C344 /* ViewController.swift */; };
		790BD9611EE1F57C0090C344 /* Main.storyboard in Resources */ = {isa = PBXBuildFile; fileRef = 790BD95F1EE1F57C0090C344 /* Main.storyboard */; };
		790BD9631EE1F57C0090C344 /* Assets.xcassets in Resources */ = {isa = PBXBuildFile; fileRef = 790BD9621EE1F57C0090C344 /* Assets.xcassets */; };
		790BD9661EE1F57C0090C344 /* LaunchScreen.storyboard in Resources */ = {isa = PBXBuildFile; fileRef = 790BD9641EE1F57C0090C344 /* LaunchScreen.storyboard */; };
		790E68AC1F27B9340082F1DB /* MMTestDemoTests.swift in Sources */ = {isa = PBXBuildFile; fileRef = 790E68AB1F27B9340082F1DB /* MMTestDemoTests.swift */; };
		79536BF91EE2CC3F00F6C0B9 /* MMTests.framework in Frameworks */ = {isa = PBXBuildFile; fileRef = 79536BF71EE2CC3F00F6C0B9 /* MMTests.framework */; };
		79536BFF1EE318C600F6C0B9 /* UI_Framework.framework in Embed Frameworks */ = {isa = PBXBuildFile; fileRef = 79536BFD1EE318C600F6C0B9 /* UI_Framework.framework */; settings = {ATTRIBUTES = (CodeSignOnCopy, RemoveHeadersOnCopy, ); }; };
		79536C021EE318F700F6C0B9 /* ReactiveCocoa.framework in Frameworks */ = {isa = PBXBuildFile; fileRef = 79536C011EE318F700F6C0B9 /* ReactiveCocoa.framework */; };
/* End PBXBuildFile section */

/* Begin PBXContainerItemProxy section */
		790E68AE1F27B9340082F1DB /* PBXContainerItemProxy */ = {
			isa = PBXContainerItemProxy;
			containerPortal = 790BD9501EE1F57C0090C344 /* Project object */;
			proxyType = 1;
			remoteGlobalIDString = 790BD9571EE1F57C0090C344;
			remoteInfo = MMTestDemo;
		};
/* End PBXContainerItemProxy section */

/* Begin PBXCopyFilesBuildPhase section */
		79536C001EE318C600F6C0B9 /* Embed Frameworks */ = {
			isa = PBXCopyFilesBuildPhase;
			buildActionMask = 2147483647;
			dstPath = "";
			dstSubfolderSpec = 10;
			files = (
				79536BFF1EE318C600F6C0B9 /* UI_Framework.framework in Embed Frameworks */,
			);
			name = "Embed Frameworks";
			runOnlyForDeploymentPostprocessing = 0;
		};
/* End PBXCopyFilesBuildPhase section */

/* Begin PBXFileReference section */
		790BD9581EE1F57C0090C344 /* MMTestDemo.app */ = {isa = PBXFileReference; explicitFileType = wrapper.application; includeInIndex = 0; path = MMTestDemo.app; sourceTree = BUILT_PRODUCTS_DIR; };
		790BD95B1EE1F57C0090C344 /* AppDelegate.swift */ = {isa = PBXFileReference; lastKnownFileType = sourcecode.swift; path = AppDelegate.swift; sourceTree = "<group>"; };
		790BD95D1EE1F57C0090C344 /* ViewController.swift */ = {isa = PBXFileReference; lastKnownFileType = sourcecode.swift; path = ViewController.swift; sourceTree = "<group>"; };
		790BD9601EE1F57C0090C344 /* Base */ = {isa = PBXFileReference; lastKnownFileType = file.storyboard; name = Base; path = Base.lproj/Main.storyboard; sourceTree = "<group>"; };
		790BD9621EE1F57C0090C344 /* Assets.xcassets */ = {isa = PBXFileReference; lastKnownFileType = folder.assetcatalog; path = Assets.xcassets; sourceTree = "<group>"; };
		790BD9651EE1F57C0090C344 /* Base */ = {isa = PBXFileReference; lastKnownFileType = file.storyboard; name = Base; path = Base.lproj/LaunchScreen.storyboard; sourceTree = "<group>"; };
		790BD9671EE1F57C0090C344 /* Info.plist */ = {isa = PBXFileReference; lastKnownFileType = text.plist.xml; path = Info.plist; sourceTree = "<group>"; };
		790E68A91F27B9340082F1DB /* MMTestDemoTests.xctest */ = {isa = PBXFileReference; explicitFileType = wrapper.cfbundle; includeInIndex = 0; path = MMTestDemoTests.xctest; sourceTree = BUILT_PRODUCTS_DIR; };
		790E68AB1F27B9340082F1DB /* MMTestDemoTests.swift */ = {isa = PBXFileReference; lastKnownFileType = sourcecode.swift; path = MMTestDemoTests.swift; sourceTree = "<group>"; };
		790E68AD1F27B9340082F1DB /* Info.plist */ = {isa = PBXFileReference; lastKnownFileType = text.plist.xml; path = Info.plist; sourceTree = "<group>"; };
		79536BF71EE2CC3F00F6C0B9 /* MMTests.framework */ = {isa = PBXFileReference; lastKnownFileType = wrapper.framework; name = MMTests.framework; path = "../../../../Library/Developer/Xcode/DerivedData/MMTests-bstoiuiulddzdactzmlgkjxbicys/Build/Products/Debug-iphonesimulator/MMTests.framework"; sourceTree = "<group>"; };
		79536BF81EE2CC3F00F6C0B9 /* UI_Framework.framework */ = {isa = PBXFileReference; lastKnownFileType = wrapper.framework; name = UI_Framework.framework; path = "../UI_Framework/build/Debug-iphoneos/UI_Framework.framework"; sourceTree = "<group>"; };
		79536BFD1EE318C600F6C0B9 /* UI_Framework.framework */ = {isa = PBXFileReference; explicitFileType = wrapper.framework; path = UI_Framework.framework; sourceTree = BUILT_PRODUCTS_DIR; };
		79536C011EE318F700F6C0B9 /* ReactiveCocoa.framework */ = {isa = PBXFileReference; lastKnownFileType = wrapper.framework; name = ReactiveCocoa.framework; path = ../Carthage/Build/iOS/ReactiveCocoa.framework; sourceTree = "<group>"; };
/* End PBXFileReference section */

/* Begin PBXFrameworksBuildPhase section */
		790BD9551EE1F57C0090C344 /* Frameworks */ = {
			isa = PBXFrameworksBuildPhase;
			buildActionMask = 2147483647;
			files = (
				79536C021EE318F700F6C0B9 /* ReactiveCocoa.framework in Frameworks */,
				79536BF91EE2CC3F00F6C0B9 /* MMTests.framework in Frameworks */,
			);
			runOnlyForDeploymentPostprocessing = 0;
		};
		790E68A61F27B9340082F1DB /* Frameworks */ = {
			isa = PBXFrameworksBuildPhase;
			buildActionMask = 2147483647;
			files = (
			);
			runOnlyForDeploymentPostprocessing = 0;
		};
/* End PBXFrameworksBuildPhase section */

/* Begin PBXGroup section */
		790BD94F1EE1F57C0090C344 = {
			isa = PBXGroup;
			children = (
				79536BFD1EE318C600F6C0B9 /* UI_Framework.framework */,
				790BD95A1EE1F57C0090C344 /* MMTestDemo */,
				790E68AA1F27B9340082F1DB /* MMTestDemoTests */,
				790BD9591EE1F57C0090C344 /* Products */,
				79536BF61EE2CC3F00F6C0B9 /* Frameworks */,
			);
			sourceTree = "<group>";
		};
		790BD9591EE1F57C0090C344 /* Products */ = {
			isa = PBXGroup;
			children = (
				790BD9581EE1F57C0090C344 /* MMTestDemo.app */,
				790E68A91F27B9340082F1DB /* MMTestDemoTests.xctest */,
			);
			name = Products;
			sourceTree = "<group>";
		};
		790BD95A1EE1F57C0090C344 /* MMTestDemo */ = {
			isa = PBXGroup;
			children = (
				790BD95B1EE1F57C0090C344 /* AppDelegate.swift */,
				790BD95D1EE1F57C0090C344 /* ViewController.swift */,
				790BD95F1EE1F57C0090C344 /* Main.storyboard */,
				790BD9621EE1F57C0090C344 /* Assets.xcassets */,
				790BD9641EE1F57C0090C344 /* LaunchScreen.storyboard */,
				790BD9671EE1F57C0090C344 /* Info.plist */,
			);
			path = MMTestDemo;
			sourceTree = "<group>";
		};
		790E68AA1F27B9340082F1DB /* MMTestDemoTests */ = {
			isa = PBXGroup;
			children = (
				790E68AB1F27B9340082F1DB /* MMTestDemoTests.swift */,
				790E68AD1F27B9340082F1DB /* Info.plist */,
			);
			path = MMTestDemoTests;
			sourceTree = "<group>";
		};
		79536BF61EE2CC3F00F6C0B9 /* Frameworks */ = {
			isa = PBXGroup;
			children = (
				79536C011EE318F700F6C0B9 /* ReactiveCocoa.framework */,
				79536BF71EE2CC3F00F6C0B9 /* MMTests.framework */,
				79536BF81EE2CC3F00F6C0B9 /* UI_Framework.framework */,
			);
			name = Frameworks;
			sourceTree = "<group>";
		};
/* End PBXGroup section */

/* Begin PBXNativeTarget section */
		790BD9571EE1F57C0090C344 /* MMTestDemo */ = {
			isa = PBXNativeTarget;
			buildConfigurationList = 790BD96A1EE1F57C0090C344 /* Build configuration list for PBXNativeTarget "MMTestDemo" */;
			buildPhases = (
				790BD9541EE1F57C0090C344 /* Sources */,
				790BD9551EE1F57C0090C344 /* Frameworks */,
				790BD9561EE1F57C0090C344 /* Resources */,
				79536C001EE318C600F6C0B9 /* Embed Frameworks */,
				79536C031EE3192100F6C0B9 /* Carthage */,
			);
			buildRules = (
			);
			dependencies = (
			);
			name = MMTestDemo;
			productName = MMTestDemo;
			productReference = 790BD9581EE1F57C0090C344 /* MMTestDemo.app */;
			productType = "com.apple.product-type.application";
		};
		790E68A81F27B9340082F1DB /* MMTestDemoTests */ = {
			isa = PBXNativeTarget;
			buildConfigurationList = 790E68B21F27B9340082F1DB /* Build configuration list for PBXNativeTarget "MMTestDemoTests" */;
			buildPhases = (
				790E68A51F27B9340082F1DB /* Sources */,
				790E68A61F27B9340082F1DB /* Frameworks */,
				790E68A71F27B9340082F1DB /* Resources */,
			);
			buildRules = (
			);
			dependencies = (
				790E68AF1F27B9340082F1DB /* PBXTargetDependency */,
			);
			name = MMTestDemoTests;
			productName = MMTestDemoTests;
			productReference = 790E68A91F27B9340082F1DB /* MMTestDemoTests.xctest */;
			productType = "com.apple.product-type.bundle.unit-test";
		};
/* End PBXNativeTarget section */

/* Begin PBXProject section */
		790BD9501EE1F57C0090C344 /* Project object */ = {
			isa = PBXProject;
			attributes = {
				LastSwiftUpdateCheck = 0830;
				LastUpgradeCheck = 0820;
				ORGANIZATIONNAME = "Marek Mościchowski";
				TargetAttributes = {
					790BD9571EE1F57C0090C344 = {
						CreatedOnToolsVersion = 8.2.1;
						DevelopmentTeam = X6HK62UHTP;
						ProvisioningStyle = Automatic;
					};
					790E68A81F27B9340082F1DB = {
						CreatedOnToolsVersion = 8.3.2;
						DevelopmentTeam = X6HK62UHTP;
						ProvisioningStyle = Automatic;
						TestTargetID = 790BD9571EE1F57C0090C344;
					};
				};
			};
			buildConfigurationList = 790BD9531EE1F57C0090C344 /* Build configuration list for PBXProject "MMTestDemo" */;
			compatibilityVersion = "Xcode 3.2";
			developmentRegion = English;
			hasScannedForEncodings = 0;
			knownRegions = (
				en,
				Base,
			);
			mainGroup = 790BD94F1EE1F57C0090C344;
			productRefGroup = 790BD9591EE1F57C0090C344 /* Products */;
			projectDirPath = "";
			projectRoot = "";
			targets = (
				790BD9571EE1F57C0090C344 /* MMTestDemo */,
				790E68A81F27B9340082F1DB /* MMTestDemoTests */,
			);
		};
/* End PBXProject section */

/* Begin PBXResourcesBuildPhase section */
		790BD9561EE1F57C0090C344 /* Resources */ = {
			isa = PBXResourcesBuildPhase;
			buildActionMask = 2147483647;
			files = (
				790BD9661EE1F57C0090C344 /* LaunchScreen.storyboard in Resources */,
				790BD9631EE1F57C0090C344 /* Assets.xcassets in Resources */,
				790BD9611EE1F57C0090C344 /* Main.storyboard in Resources */,
			);
			runOnlyForDeploymentPostprocessing = 0;
		};
		790E68A71F27B9340082F1DB /* Resources */ = {
			isa = PBXResourcesBuildPhase;
			buildActionMask = 2147483647;
			files = (
			);
			runOnlyForDeploymentPostprocessing = 0;
		};
/* End PBXResourcesBuildPhase section */

/* Begin PBXShellScriptBuildPhase section */
		79536C031EE3192100F6C0B9 /* Carthage */ = {
			isa = PBXShellScriptBuildPhase;
			buildActionMask = 2147483647;
			files = (
			);
			inputPaths = (
				"$(SRCROOT)/../Carthage/Build/iOS/ReactiveCocoa.framework",
				"$(SRCROOT)/../Carthage/Build/iOS/ReactiveSwift.framework",
				"$(SRCROOT)/../Carthage/Build/iOS/Result.framework",
			);
			name = Carthage;
			outputPaths = (
			);
			runOnlyForDeploymentPostprocessing = 0;
			shellPath = /bin/sh;
			shellScript = "carthage copy-frameworks";
		};
/* End PBXShellScriptBuildPhase section */

/* Begin PBXSourcesBuildPhase section */
		790BD9541EE1F57C0090C344 /* Sources */ = {
			isa = PBXSourcesBuildPhase;
			buildActionMask = 2147483647;
			files = (
				790BD95E1EE1F57C0090C344 /* ViewController.swift in Sources */,
				790BD95C1EE1F57C0090C344 /* AppDelegate.swift in Sources */,
			);
			runOnlyForDeploymentPostprocessing = 0;
		};
		790E68A51F27B9340082F1DB /* Sources */ = {
			isa = PBXSourcesBuildPhase;
			buildActionMask = 2147483647;
			files = (
				790E68AC1F27B9340082F1DB /* MMTestDemoTests.swift in Sources */,
			);
			runOnlyForDeploymentPostprocessing = 0;
		};
/* End PBXSourcesBuildPhase section */

/* Begin PBXTargetDependency section */
		790E68AF1F27B9340082F1DB /* PBXTargetDependency */ = {
			isa = PBXTargetDependency;
			target = 790BD9571EE1F57C0090C344 /* MMTestDemo */;
			targetProxy = 790E68AE1F27B9340082F1DB /* PBXContainerItemProxy */;
		};
/* End PBXTargetDependency section */

/* Begin PBXVariantGroup section */
		790BD95F1EE1F57C0090C344 /* Main.storyboard */ = {
			isa = PBXVariantGroup;
			children = (
				790BD9601EE1F57C0090C344 /* Base */,
			);
			name = Main.storyboard;
			sourceTree = "<group>";
		};
		790BD9641EE1F57C0090C344 /* LaunchScreen.storyboard */ = {
			isa = PBXVariantGroup;
			children = (
				790BD9651EE1F57C0090C344 /* Base */,
			);
			name = LaunchScreen.storyboard;
			sourceTree = "<group>";
		};
/* End PBXVariantGroup section */

/* Begin XCBuildConfiguration section */
		790BD9681EE1F57C0090C344 /* Debug */ = {
			isa = XCBuildConfiguration;
			buildSettings = {
				ALWAYS_SEARCH_USER_PATHS = NO;
				CLANG_ANALYZER_NONNULL = YES;
				CLANG_CXX_LANGUAGE_STANDARD = "gnu++0x";
				CLANG_CXX_LIBRARY = "libc++";
				CLANG_ENABLE_MODULES = YES;
				CLANG_ENABLE_OBJC_ARC = YES;
				CLANG_WARN_BOOL_CONVERSION = YES;
				CLANG_WARN_CONSTANT_CONVERSION = YES;
				CLANG_WARN_DIRECT_OBJC_ISA_USAGE = YES_ERROR;
				CLANG_WARN_DOCUMENTATION_COMMENTS = YES;
				CLANG_WARN_EMPTY_BODY = YES;
				CLANG_WARN_ENUM_CONVERSION = YES;
				CLANG_WARN_INFINITE_RECURSION = YES;
				CLANG_WARN_INT_CONVERSION = YES;
				CLANG_WARN_OBJC_ROOT_CLASS = YES_ERROR;
				CLANG_WARN_SUSPICIOUS_MOVE = YES;
				CLANG_WARN_UNREACHABLE_CODE = YES;
				CLANG_WARN__DUPLICATE_METHOD_MATCH = YES;
				"CODE_SIGN_IDENTITY[sdk=iphoneos*]" = "iPhone Developer";
				COPY_PHASE_STRIP = NO;
				DEBUG_INFORMATION_FORMAT = dwarf;
				ENABLE_STRICT_OBJC_MSGSEND = YES;
				ENABLE_TESTABILITY = YES;
				GCC_C_LANGUAGE_STANDARD = gnu99;
				GCC_DYNAMIC_NO_PIC = NO;
				GCC_NO_COMMON_BLOCKS = YES;
				GCC_OPTIMIZATION_LEVEL = 0;
				GCC_PREPROCESSOR_DEFINITIONS = (
					"DEBUG=1",
					"$(inherited)",
				);
				GCC_WARN_64_TO_32_BIT_CONVERSION = YES;
				GCC_WARN_ABOUT_RETURN_TYPE = YES_ERROR;
				GCC_WARN_UNDECLARED_SELECTOR = YES;
				GCC_WARN_UNINITIALIZED_AUTOS = YES_AGGRESSIVE;
				GCC_WARN_UNUSED_FUNCTION = YES;
				GCC_WARN_UNUSED_VARIABLE = YES;
				IPHONEOS_DEPLOYMENT_TARGET = 10.2;
				MTL_ENABLE_DEBUG_INFO = YES;
				ONLY_ACTIVE_ARCH = YES;
				SDKROOT = iphoneos;
				SWIFT_ACTIVE_COMPILATION_CONDITIONS = DEBUG;
				SWIFT_OPTIMIZATION_LEVEL = "-Onone";
				TARGETED_DEVICE_FAMILY = "1,2";
			};
			name = Debug;
		};
		790BD9691EE1F57C0090C344 /* Release */ = {
			isa = XCBuildConfiguration;
			buildSettings = {
				ALWAYS_SEARCH_USER_PATHS = NO;
				CLANG_ANALYZER_NONNULL = YES;
				CLANG_CXX_LANGUAGE_STANDARD = "gnu++0x";
				CLANG_CXX_LIBRARY = "libc++";
				CLANG_ENABLE_MODULES = YES;
				CLANG_ENABLE_OBJC_ARC = YES;
				CLANG_WARN_BOOL_CONVERSION = YES;
				CLANG_WARN_CONSTANT_CONVERSION = YES;
				CLANG_WARN_DIRECT_OBJC_ISA_USAGE = YES_ERROR;
				CLANG_WARN_DOCUMENTATION_COMMENTS = YES;
				CLANG_WARN_EMPTY_BODY = YES;
				CLANG_WARN_ENUM_CONVERSION = YES;
				CLANG_WARN_INFINITE_RECURSION = YES;
				CLANG_WARN_INT_CONVERSION = YES;
				CLANG_WARN_OBJC_ROOT_CLASS = YES_ERROR;
				CLANG_WARN_SUSPICIOUS_MOVE = YES;
				CLANG_WARN_UNREACHABLE_CODE = YES;
				CLANG_WARN__DUPLICATE_METHOD_MATCH = YES;
				"CODE_SIGN_IDENTITY[sdk=iphoneos*]" = "iPhone Developer";
				COPY_PHASE_STRIP = NO;
				DEBUG_INFORMATION_FORMAT = "dwarf-with-dsym";
				ENABLE_NS_ASSERTIONS = NO;
				ENABLE_STRICT_OBJC_MSGSEND = YES;
				GCC_C_LANGUAGE_STANDARD = gnu99;
				GCC_NO_COMMON_BLOCKS = YES;
				GCC_WARN_64_TO_32_BIT_CONVERSION = YES;
				GCC_WARN_ABOUT_RETURN_TYPE = YES_ERROR;
				GCC_WARN_UNDECLARED_SELECTOR = YES;
				GCC_WARN_UNINITIALIZED_AUTOS = YES_AGGRESSIVE;
				GCC_WARN_UNUSED_FUNCTION = YES;
				GCC_WARN_UNUSED_VARIABLE = YES;
				IPHONEOS_DEPLOYMENT_TARGET = 10.2;
				MTL_ENABLE_DEBUG_INFO = NO;
				SDKROOT = iphoneos;
				SWIFT_OPTIMIZATION_LEVEL = "-Owholemodule";
				TARGETED_DEVICE_FAMILY = "1,2";
				VALIDATE_PRODUCT = YES;
			};
			name = Release;
		};
		790BD96B1EE1F57C0090C344 /* Debug */ = {
			isa = XCBuildConfiguration;
			buildSettings = {
				ALWAYS_EMBED_SWIFT_STANDARD_LIBRARIES = YES;
				ASSETCATALOG_COMPILER_APPICON_NAME = AppIcon;
				DEVELOPMENT_TEAM = X6HK62UHTP;
				FRAMEWORK_SEARCH_PATHS = "$(SRCROOT)/../Carthage/Build/iOS/**";
				INFOPLIST_FILE = MMTestDemo/Info.plist;
				LD_RUNPATH_SEARCH_PATHS = "$(inherited) @executable_path/Frameworks";
				PRODUCT_BUNDLE_IDENTIFIER = com.moscichowski.MMTestDemo;
				PRODUCT_NAME = "$(TARGET_NAME)";
				SWIFT_VERSION = 3.0;
			};
			name = Debug;
		};
		790BD96C1EE1F57C0090C344 /* Release */ = {
			isa = XCBuildConfiguration;
			buildSettings = {
				ALWAYS_EMBED_SWIFT_STANDARD_LIBRARIES = YES;
				ASSETCATALOG_COMPILER_APPICON_NAME = AppIcon;
				DEVELOPMENT_TEAM = X6HK62UHTP;
				FRAMEWORK_SEARCH_PATHS = "$(SRCROOT)/../Carthage/Build/iOS/**";
				INFOPLIST_FILE = MMTestDemo/Info.plist;
				LD_RUNPATH_SEARCH_PATHS = "$(inherited) @executable_path/Frameworks";
				PRODUCT_BUNDLE_IDENTIFIER = com.moscichowski.MMTestDemo;
				PRODUCT_NAME = "$(TARGET_NAME)";
				SWIFT_VERSION = 3.0;
			};
			name = Release;
		};
		790E68B01F27B9340082F1DB /* Debug */ = {
			isa = XCBuildConfiguration;
			buildSettings = {
				BUNDLE_LOADER = "$(TEST_HOST)";
				CLANG_ANALYZER_NUMBER_OBJECT_CONVERSION = YES_AGGRESSIVE;
				DEVELOPMENT_TEAM = X6HK62UHTP;
				INFOPLIST_FILE = MMTestDemoTests/Info.plist;
				IPHONEOS_DEPLOYMENT_TARGET = 10.3;
				LD_RUNPATH_SEARCH_PATHS = "$(inherited) @executable_path/Frameworks @loader_path/Frameworks";
				PRODUCT_BUNDLE_IDENTIFIER = com.moscichowski.MMTestDemoTests;
				PRODUCT_NAME = "$(TARGET_NAME)";
				SWIFT_VERSION = 3.0;
				TEST_HOST = "$(BUILT_PRODUCTS_DIR)/MMTestDemo.app/MMTestDemo";
			};
			name = Debug;
		};
		790E68B11F27B9340082F1DB /* Release */ = {
			isa = XCBuildConfiguration;
			buildSettings = {
				BUNDLE_LOADER = "$(TEST_HOST)";
				CLANG_ANALYZER_NUMBER_OBJECT_CONVERSION = YES_AGGRESSIVE;
				DEVELOPMENT_TEAM = X6HK62UHTP;
				INFOPLIST_FILE = MMTestDemoTests/Info.plist;
				IPHONEOS_DEPLOYMENT_TARGET = 10.3;
				LD_RUNPATH_SEARCH_PATHS = "$(inherited) @executable_path/Frameworks @loader_path/Frameworks";
				PRODUCT_BUNDLE_IDENTIFIER = com.moscichowski.MMTestDemoTests;
				PRODUCT_NAME = "$(TARGET_NAME)";
				SWIFT_VERSION = 3.0;
				TEST_HOST = "$(BUILT_PRODUCTS_DIR)/MMTestDemo.app/MMTestDemo";
			};
			name = Release;
		};
/* End XCBuildConfiguration section */

/* Begin XCConfigurationList section */
		790BD9531EE1F57C0090C344 /* Build configuration list for PBXProject "MMTestDemo" */ = {
			isa = XCConfigurationList;
			buildConfigurations = (
				790BD9681EE1F57C0090C344 /* Debug */,
				790BD9691EE1F57C0090C344 /* Release */,
			);
			defaultConfigurationIsVisible = 0;
			defaultConfigurationName = Release;
		};
		790BD96A1EE1F57C0090C344 /* Build configuration list for PBXNativeTarget "MMTestDemo" */ = {
			isa = XCConfigurationList;
			buildConfigurations = (
				790BD96B1EE1F57C0090C344 /* Debug */,
				790BD96C1EE1F57C0090C344 /* Release */,
			);
			defaultConfigurationIsVisible = 0;
			defaultConfigurationName = Release;
		};
		790E68B21F27B9340082F1DB /* Build configuration list for PBXNativeTarget "MMTestDemoTests" */ = {
			isa = XCConfigurationList;
			buildConfigurations = (
				790E68B01F27B9340082F1DB /* Debug */,
				790E68B11F27B9340082F1DB /* Release */,
			);
			defaultConfigurationIsVisible = 0;
		};
/* End XCConfigurationList section */
	};
	rootObject = 790BD9501EE1F57C0090C344 /* Project object */;
}
