// !$*UTF8*$!
{
	archiveVersion = 1;
	classes = {
	};
	objectVersion = 46;
	objects = {

/* Begin PBXBuildFile section */
		79215ADB1EEB0BC9008C749B /* AppDelegate.swift in Sources */ = {isa = PBXBuildFile; fileRef = 79215ADA1EEB0BC9008C749B /* AppDelegate.swift */; };
		79215ADD1EEB0BC9008C749B /* ViewController.swift in Sources */ = {isa = PBXBuildFile; fileRef = 79215ADC1EEB0BC9008C749B /* ViewController.swift */; };
		79215ADF1EEB0BC9008C749B /* Assets.xcassets in Resources */ = {isa = PBXBuildFile; fileRef = 79215ADE1EEB0BC9008C749B /* Assets.xcassets */; };
		79215AE21EEB0BC9008C749B /* Main.storyboard in Resources */ = {isa = PBXBuildFile; fileRef = 79215AE01EEB0BC9008C749B /* Main.storyboard */; };
		79215AEA1EEB135A008C749B /* MacTestPresenter.sdef in Resources */ = {isa = PBXBuildFile; fileRef = 79215AE91EEB135A008C749B /* MacTestPresenter.sdef */; };
		79215AEF1EEB212E008C749B /* MyLookupCommand.m in Sources */ = {isa = PBXBuildFile; fileRef = 79215AED1EEB13E7008C749B /* MyLookupCommand.m */; };
		79F756761EF82ADD00C17CD8 /* GCDAsyncSocket.m in Sources */ = {isa = PBXBuildFile; fileRef = 79F756751EF82ADD00C17CD8 /* GCDAsyncSocket.m */; };
/* End PBXBuildFile section */

/* Begin PBXFileReference section */
		79215AD71EEB0BC9008C749B /* MacTestPresenter.app */ = {isa = PBXFileReference; explicitFileType = wrapper.application; includeInIndex = 0; path = MacTestPresenter.app; sourceTree = BUILT_PRODUCTS_DIR; };
		79215ADA1EEB0BC9008C749B /* AppDelegate.swift */ = {isa = PBXFileReference; lastKnownFileType = sourcecode.swift; path = AppDelegate.swift; sourceTree = "<group>"; };
		79215ADC1EEB0BC9008C749B /* ViewController.swift */ = {isa = PBXFileReference; lastKnownFileType = sourcecode.swift; path = ViewController.swift; sourceTree = "<group>"; };
		79215ADE1EEB0BC9008C749B /* Assets.xcassets */ = {isa = PBXFileReference; lastKnownFileType = folder.assetcatalog; path = Assets.xcassets; sourceTree = "<group>"; };
		79215AE11EEB0BC9008C749B /* Base */ = {isa = PBXFileReference; lastKnownFileType = file.storyboard; name = Base; path = Base.lproj/Main.storyboard; sourceTree = "<group>"; };
		79215AE31EEB0BC9008C749B /* Info.plist */ = {isa = PBXFileReference; lastKnownFileType = text.plist.xml; path = Info.plist; sourceTree = "<group>"; };
		79215AE91EEB135A008C749B /* MacTestPresenter.sdef */ = {isa = PBXFileReference; fileEncoding = 4; lastKnownFileType = text; path = MacTestPresenter.sdef; sourceTree = "<group>"; };
		79215AEB1EEB13E7008C749B /* MacTestPresenter-Bridging-Header.h */ = {isa = PBXFileReference; lastKnownFileType = sourcecode.c.h; path = "MacTestPresenter-Bridging-Header.h"; sourceTree = "<group>"; };
		79215AEC1EEB13E7008C749B /* MyLookupCommand.h */ = {isa = PBXFileReference; fileEncoding = 4; lastKnownFileType = sourcecode.c.h; path = MyLookupCommand.h; sourceTree = "<group>"; };
		79215AED1EEB13E7008C749B /* MyLookupCommand.m */ = {isa = PBXFileReference; fileEncoding = 4; lastKnownFileType = sourcecode.c.objc; path = MyLookupCommand.m; sourceTree = "<group>"; };
		79F756741EF82ADD00C17CD8 /* GCDAsyncSocket.h */ = {isa = PBXFileReference; fileEncoding = 4; lastKnownFileType = sourcecode.c.h; path = GCDAsyncSocket.h; sourceTree = "<group>"; };
		79F756751EF82ADD00C17CD8 /* GCDAsyncSocket.m */ = {isa = PBXFileReference; fileEncoding = 4; lastKnownFileType = sourcecode.c.objc; path = GCDAsyncSocket.m; sourceTree = "<group>"; };
/* End PBXFileReference section */

/* Begin PBXFrameworksBuildPhase section */
		79215AD41EEB0BC9008C749B /* Frameworks */ = {
			isa = PBXFrameworksBuildPhase;
			buildActionMask = 2147483647;
			files = (
			);
			runOnlyForDeploymentPostprocessing = 0;
		};
/* End PBXFrameworksBuildPhase section */

/* Begin PBXGroup section */
		79215ACE1EEB0BC9008C749B = {
			isa = PBXGroup;
			children = (
				79215AD91EEB0BC9008C749B /* MacTestPresenter */,
				79215AD81EEB0BC9008C749B /* Products */,
			);
			sourceTree = "<group>";
		};
		79215AD81EEB0BC9008C749B /* Products */ = {
			isa = PBXGroup;
			children = (
				79215AD71EEB0BC9008C749B /* MacTestPresenter.app */,
			);
			name = Products;
			sourceTree = "<group>";
		};
		79215AD91EEB0BC9008C749B /* MacTestPresenter */ = {
			isa = PBXGroup;
			children = (
				79215ADA1EEB0BC9008C749B /* AppDelegate.swift */,
				79215ADC1EEB0BC9008C749B /* ViewController.swift */,
				79215ADE1EEB0BC9008C749B /* Assets.xcassets */,
				79215AE01EEB0BC9008C749B /* Main.storyboard */,
				79215AE31EEB0BC9008C749B /* Info.plist */,
				79215AE91EEB135A008C749B /* MacTestPresenter.sdef */,
				79215AEC1EEB13E7008C749B /* MyLookupCommand.h */,
				79215AED1EEB13E7008C749B /* MyLookupCommand.m */,
				79215AEB1EEB13E7008C749B /* MacTestPresenter-Bridging-Header.h */,
				79F756741EF82ADD00C17CD8 /* GCDAsyncSocket.h */,
				79F756751EF82ADD00C17CD8 /* GCDAsyncSocket.m */,
			);
			path = MacTestPresenter;
			sourceTree = "<group>";
		};
/* End PBXGroup section */

/* Begin PBXNativeTarget section */
		79215AD61EEB0BC9008C749B /* MacTestPresenter */ = {
			isa = PBXNativeTarget;
			buildConfigurationList = 79215AE61EEB0BC9008C749B /* Build configuration list for PBXNativeTarget "MacTestPresenter" */;
			buildPhases = (
				79215AD31EEB0BC9008C749B /* Sources */,
				79215AD41EEB0BC9008C749B /* Frameworks */,
				79215AD51EEB0BC9008C749B /* Resources */,
			);
			buildRules = (
			);
			dependencies = (
			);
			name = MacTestPresenter;
			productName = MacTestPresenter;
			productReference = 79215AD71EEB0BC9008C749B /* MacTestPresenter.app */;
			productType = "com.apple.product-type.application";
		};
/* End PBXNativeTarget section */

/* Begin PBXProject section */
		79215ACF1EEB0BC9008C749B /* Project object */ = {
			isa = PBXProject;
			attributes = {
				LastSwiftUpdateCheck = 0830;
				LastUpgradeCheck = 0830;
				ORGANIZATIONNAME = "Marek Mościchowski";
				TargetAttributes = {
					79215AD61EEB0BC9008C749B = {
						CreatedOnToolsVersion = 8.3.2;
						DevelopmentTeam = X6HK62UHTP;
						LastSwiftMigration = 0830;
						ProvisioningStyle = Automatic;
					};
				};
			};
			buildConfigurationList = 79215AD21EEB0BC9008C749B /* Build configuration list for PBXProject "MacTestPresenter" */;
			compatibilityVersion = "Xcode 3.2";
			developmentRegion = English;
			hasScannedForEncodings = 0;
			knownRegions = (
				en,
				Base,
			);
			mainGroup = 79215ACE1EEB0BC9008C749B;
			productRefGroup = 79215AD81EEB0BC9008C749B /* Products */;
			projectDirPath = "";
			projectRoot = "";
			targets = (
				79215AD61EEB0BC9008C749B /* MacTestPresenter */,
			);
		};
/* End PBXProject section */

/* Begin PBXResourcesBuildPhase section */
		79215AD51EEB0BC9008C749B /* Resources */ = {
			isa = PBXResourcesBuildPhase;
			buildActionMask = 2147483647;
			files = (
				79215ADF1EEB0BC9008C749B /* Assets.xcassets in Resources */,
				79215AEA1EEB135A008C749B /* MacTestPresenter.sdef in Resources */,
				79215AE21EEB0BC9008C749B /* Main.storyboard in Resources */,
			);
			runOnlyForDeploymentPostprocessing = 0;
		};
/* End PBXResourcesBuildPhase section */

/* Begin PBXSourcesBuildPhase section */
		79215AD31EEB0BC9008C749B /* Sources */ = {
			isa = PBXSourcesBuildPhase;
			buildActionMask = 2147483647;
			files = (
				79F756761EF82ADD00C17CD8 /* GCDAsyncSocket.m in Sources */,
				79215ADD1EEB0BC9008C749B /* ViewController.swift in Sources */,
				79215AEF1EEB212E008C749B /* MyLookupCommand.m in Sources */,
				79215ADB1EEB0BC9008C749B /* AppDelegate.swift in Sources */,
			);
			runOnlyForDeploymentPostprocessing = 0;
		};
/* End PBXSourcesBuildPhase section */

/* Begin PBXVariantGroup section */
		79215AE01EEB0BC9008C749B /* Main.storyboard */ = {
			isa = PBXVariantGroup;
			children = (
				79215AE11EEB0BC9008C749B /* Base */,
			);
			name = Main.storyboard;
			sourceTree = "<group>";
		};
/* End PBXVariantGroup section */

/* Begin XCBuildConfiguration section */
		79215AE41EEB0BC9008C749B /* Debug */ = {
			isa = XCBuildConfiguration;
			buildSettings = {
				ALWAYS_SEARCH_USER_PATHS = NO;
				CLANG_ANALYZER_NONNULL = YES;
				CLANG_ANALYZER_NUMBER_OBJECT_CONVERSION = YES_AGGRESSIVE;
				CLANG_CXX_LANGUAGE_STANDARD = "gnu++0x";
				CLANG_CXX_LIBRARY = "libc++";
				CLANG_ENABLE_MODULES = YES;
				CLANG_ENABLE_OBJC_ARC = YES;
				CLANG_WARN_BOOL_CONVERSION = YES;
				CLANG_WARN_CONSTANT_CONVERSION = YES;
				CLANG_WARN_DIRECT_OBJC_ISA_USAGE = YES_ERROR;
				CLANG_WARN_DOCUMENTATION_COMMENTS = YES;
				CLANG_WARN_EMPTY_BODY = YES;
				CLANG_WARN_ENUM_CONVERSION = YES;
				CLANG_WARN_INFINITE_RECURSION = YES;
				CLANG_WARN_INT_CONVERSION = YES;
				CLANG_WARN_OBJC_ROOT_CLASS = YES_ERROR;
				CLANG_WARN_SUSPICIOUS_MOVE = YES;
				CLANG_WARN_UNREACHABLE_CODE = YES;
				CLANG_WARN__DUPLICATE_METHOD_MATCH = YES;
				CODE_SIGN_IDENTITY = "-";
				COPY_PHASE_STRIP = NO;
				DEBUG_INFORMATION_FORMAT = dwarf;
				ENABLE_STRICT_OBJC_MSGSEND = YES;
				ENABLE_TESTABILITY = YES;
				GCC_C_LANGUAGE_STANDARD = gnu99;
				GCC_DYNAMIC_NO_PIC = NO;
				GCC_NO_COMMON_BLOCKS = YES;
				GCC_OPTIMIZATION_LEVEL = 0;
				GCC_PREPROCESSOR_DEFINITIONS = (
					"DEBUG=1",
					"$(inherited)",
				);
				GCC_WARN_64_TO_32_BIT_CONVERSION = YES;
				GCC_WARN_ABOUT_RETURN_TYPE = YES_ERROR;
				GCC_WARN_UNDECLARED_SELECTOR = YES;
				GCC_WARN_UNINITIALIZED_AUTOS = YES_AGGRESSIVE;
				GCC_WARN_UNUSED_FUNCTION = YES;
				GCC_WARN_UNUSED_VARIABLE = YES;
				MACOSX_DEPLOYMENT_TARGET = 10.12;
				MTL_ENABLE_DEBUG_INFO = YES;
				ONLY_ACTIVE_ARCH = YES;
				SDKROOT = macosx;
				SWIFT_ACTIVE_COMPILATION_CONDITIONS = DEBUG;
				SWIFT_OPTIMIZATION_LEVEL = "-Onone";
			};
			name = Debug;
		};
		79215AE51EEB0BC9008C749B /* Release */ = {
			isa = XCBuildConfiguration;
			buildSettings = {
				ALWAYS_SEARCH_USER_PATHS = NO;
				CLANG_ANALYZER_NONNULL = YES;
				CLANG_ANALYZER_NUMBER_OBJECT_CONVERSION = YES_AGGRESSIVE;
				CLANG_CXX_LANGUAGE_STANDARD = "gnu++0x";
				CLANG_CXX_LIBRARY = "libc++";
				CLANG_ENABLE_MODULES = YES;
				CLANG_ENABLE_OBJC_ARC = YES;
				CLANG_WARN_BOOL_CONVERSION = YES;
				CLANG_WARN_CONSTANT_CONVERSION = YES;
				CLANG_WARN_DIRECT_OBJC_ISA_USAGE = YES_ERROR;
				CLANG_WARN_DOCUMENTATION_COMMENTS = YES;
				CLANG_WARN_EMPTY_BODY = YES;
				CLANG_WARN_ENUM_CONVERSION = YES;
				CLANG_WARN_INFINITE_RECURSION = YES;
				CLANG_WARN_INT_CONVERSION = YES;
				CLANG_WARN_OBJC_ROOT_CLASS = YES_ERROR;
				CLANG_WARN_SUSPICIOUS_MOVE = YES;
				CLANG_WARN_UNREACHABLE_CODE = YES;
				CLANG_WARN__DUPLICATE_METHOD_MATCH = YES;
				CODE_SIGN_IDENTITY = "-";
				COPY_PHASE_STRIP = NO;
				DEBUG_INFORMATION_FORMAT = "dwarf-with-dsym";
				ENABLE_NS_ASSERTIONS = NO;
				ENABLE_STRICT_OBJC_MSGSEND = YES;
				GCC_C_LANGUAGE_STANDARD = gnu99;
				GCC_NO_COMMON_BLOCKS = YES;
				GCC_WARN_64_TO_32_BIT_CONVERSION = YES;
				GCC_WARN_ABOUT_RETURN_TYPE = YES_ERROR;
				GCC_WARN_UNDECLARED_SELECTOR = YES;
				GCC_WARN_UNINITIALIZED_AUTOS = YES_AGGRESSIVE;
				GCC_WARN_UNUSED_FUNCTION = YES;
				GCC_WARN_UNUSED_VARIABLE = YES;
				MACOSX_DEPLOYMENT_TARGET = 10.12;
				MTL_ENABLE_DEBUG_INFO = NO;
				SDKROOT = macosx;
				SWIFT_OPTIMIZATION_LEVEL = "-Owholemodule";
			};
			name = Release;
		};
		79215AE71EEB0BC9008C749B /* Debug */ = {
			isa = XCBuildConfiguration;
			buildSettings = {
				ASSETCATALOG_COMPILER_APPICON_NAME = AppIcon;
				CLANG_ENABLE_MODULES = YES;
				COMBINE_HIDPI_IMAGES = YES;
				DEVELOPMENT_TEAM = X6HK62UHTP;
				INFOPLIST_FILE = MacTestPresenter/Info.plist;
				LD_RUNPATH_SEARCH_PATHS = "$(inherited) @executable_path/../Frameworks";
				PRODUCT_BUNDLE_IDENTIFIER = com.moscichowski.MacTestPresenter;
				PRODUCT_NAME = "$(TARGET_NAME)";
				SWIFT_OBJC_BRIDGING_HEADER = "MacTestPresenter/MacTestPresenter-Bridging-Header.h";
				SWIFT_OPTIMIZATION_LEVEL = "-Onone";
				SWIFT_VERSION = 3.0;
			};
			name = Debug;
		};
		79215AE81EEB0BC9008C749B /* Release */ = {
			isa = XCBuildConfiguration;
			buildSettings = {
				ASSETCATALOG_COMPILER_APPICON_NAME = AppIcon;
				CLANG_ENABLE_MODULES = YES;
				COMBINE_HIDPI_IMAGES = YES;
				DEVELOPMENT_TEAM = X6HK62UHTP;
				INFOPLIST_FILE = MacTestPresenter/Info.plist;
				LD_RUNPATH_SEARCH_PATHS = "$(inherited) @executable_path/../Frameworks";
				PRODUCT_BUNDLE_IDENTIFIER = com.moscichowski.MacTestPresenter;
				PRODUCT_NAME = "$(TARGET_NAME)";
				SWIFT_OBJC_BRIDGING_HEADER = "MacTestPresenter/MacTestPresenter-Bridging-Header.h";
				SWIFT_VERSION = 3.0;
			};
			name = Release;
		};
/* End XCBuildConfiguration section */

/* Begin XCConfigurationList section */
		79215AD21EEB0BC9008C749B /* Build configuration list for PBXProject "MacTestPresenter" */ = {
			isa = XCConfigurationList;
			buildConfigurations = (
				79215AE41EEB0BC9008C749B /* Debug */,
				79215AE51EEB0BC9008C749B /* Release */,
			);
			defaultConfigurationIsVisible = 0;
			defaultConfigurationName = Release;
		};
		79215AE61EEB0BC9008C749B /* Build configuration list for PBXNativeTarget "MacTestPresenter" */ = {
			isa = XCConfigurationList;
			buildConfigurations = (
				79215AE71EEB0BC9008C749B /* Debug */,
				79215AE81EEB0BC9008C749B /* Release */,
			);
			defaultConfigurationIsVisible = 0;
			defaultConfigurationName = Release;
		};
/* End XCConfigurationList section */
	};
	rootObject = 79215ACF1EEB0BC9008C749B /* Project object */;
}
